
Microsoft Visual Studio Solution File, Format Version 12.00
# Visual Studio Version 16
VisualStudioVersion = 16.0.31613.86
MinimumVisualStudioVersion = 10.0.40219.1
Project("{9A19103F-16F7-4668-BE54-9A1E7A4F7556}") = "iTechArtPetsitters.WebUI", "iTechArtPetsitters.WebUI\iTechArtPetsitters.WebUI.csproj", "{49E8EED0-5503-4A99-A95E-5C869D494268}"
EndProject
Project("{FAE04EC0-301F-11D3-BF4B-00C04F79EFBC}") = "DomainNew", "DomainNew\DomainNew.csproj", "{AB9ED921-B54D-4231-B0A0-31754E3417D3}"
EndProject
Project("{FAE04EC0-301F-11D3-BF4B-00C04F79EFBC}") = "InfrastructureNew", "InfrastructureNew\InfrastructureNew.csproj", "{DBEB0F54-B961-4821-AD2B-6F755EDD5294}"
EndProject
Global
	GlobalSection(SolutionConfigurationPlatforms) = preSolution
		Debug|Any CPU = Debug|Any CPU
		Debug|ARM = Debug|ARM
		Debug|ARM64 = Debug|ARM64
		Debug|x64 = Debug|x64
		Debug|x86 = Debug|x86
		Release|Any CPU = Release|Any CPU
		Release|ARM = Release|ARM
		Release|ARM64 = Release|ARM64
		Release|x64 = Release|x64
		Release|x86 = Release|x86
	EndGlobalSection
	GlobalSection(ProjectConfigurationPlatforms) = postSolution
		{49E8EED0-5503-4A99-A95E-5C869D494268}.Debug|Any CPU.ActiveCfg = Debug|Any CPU
		{49E8EED0-5503-4A99-A95E-5C869D494268}.Debug|Any CPU.Build.0 = Debug|Any CPU
		{49E8EED0-5503-4A99-A95E-5C869D494268}.Debug|ARM.ActiveCfg = Debug|Any CPU
		{49E8EED0-5503-4A99-A95E-5C869D494268}.Debug|ARM.Build.0 = Debug|Any CPU
		{49E8EED0-5503-4A99-A95E-5C869D494268}.Debug|ARM64.ActiveCfg = Debug|Any CPU
		{49E8EED0-5503-4A99-A95E-5C869D494268}.Debug|ARM64.Build.0 = Debug|Any CPU
		{49E8EED0-5503-4A99-A95E-5C869D494268}.Debug|x64.ActiveCfg = Debug|Any CPU
		{49E8EED0-5503-4A99-A95E-5C869D494268}.Debug|x64.Build.0 = Debug|Any CPU
		{49E8EED0-5503-4A99-A95E-5C869D494268}.Debug|x86.ActiveCfg = Debug|Any CPU
		{49E8EED0-5503-4A99-A95E-5C869D494268}.Debug|x86.Build.0 = Debug|Any CPU
		{49E8EED0-5503-4A99-A95E-5C869D494268}.Release|Any CPU.ActiveCfg = Release|Any CPU
		{49E8EED0-5503-4A99-A95E-5C869D494268}.Release|Any CPU.Build.0 = Release|Any CPU
		{49E8EED0-5503-4A99-A95E-5C869D494268}.Release|ARM.ActiveCfg = Release|Any CPU
		{49E8EED0-5503-4A99-A95E-5C869D494268}.Release|ARM.Build.0 = Release|Any CPU
		{49E8EED0-5503-4A99-A95E-5C869D494268}.Release|ARM64.ActiveCfg = Release|Any CPU
		{49E8EED0-5503-4A99-A95E-5C869D494268}.Release|ARM64.Build.0 = Release|Any CPU
		{49E8EED0-5503-4A99-A95E-5C869D494268}.Release|x64.ActiveCfg = Release|Any CPU
		{49E8EED0-5503-4A99-A95E-5C869D494268}.Release|x64.Build.0 = Release|Any CPU
		{49E8EED0-5503-4A99-A95E-5C869D494268}.Release|x86.ActiveCfg = Release|Any CPU
		{49E8EED0-5503-4A99-A95E-5C869D494268}.Release|x86.Build.0 = Release|Any CPU
		{AB9ED921-B54D-4231-B0A0-31754E3417D3}.Debug|Any CPU.ActiveCfg = Debug|Any CPU
		{AB9ED921-B54D-4231-B0A0-31754E3417D3}.Debug|Any CPU.Build.0 = Debug|Any CPU
		{AB9ED921-B54D-4231-B0A0-31754E3417D3}.Debug|ARM.ActiveCfg = Debug|Any CPU
		{AB9ED921-B54D-4231-B0A0-31754E3417D3}.Debug|ARM.Build.0 = Debug|Any CPU
		{AB9ED921-B54D-4231-B0A0-31754E3417D3}.Debug|ARM64.ActiveCfg = Debug|Any CPU
		{AB9ED921-B54D-4231-B0A0-31754E3417D3}.Debug|ARM64.Build.0 = Debug|Any CPU
		{AB9ED921-B54D-4231-B0A0-31754E3417D3}.Debug|x64.ActiveCfg = Debug|Any CPU
		{AB9ED921-B54D-4231-B0A0-31754E3417D3}.Debug|x64.Build.0 = Debug|Any CPU
		{AB9ED921-B54D-4231-B0A0-31754E3417D3}.Debug|x86.ActiveCfg = Debug|Any CPU
		{AB9ED921-B54D-4231-B0A0-31754E3417D3}.Debug|x86.Build.0 = Debug|Any CPU
		{AB9ED921-B54D-4231-B0A0-31754E3417D3}.Release|Any CPU.ActiveCfg = Release|Any CPU
		{AB9ED921-B54D-4231-B0A0-31754E3417D3}.Release|Any CPU.Build.0 = Release|Any CPU
		{AB9ED921-B54D-4231-B0A0-31754E3417D3}.Release|ARM.ActiveCfg = Release|Any CPU
		{AB9ED921-B54D-4231-B0A0-31754E3417D3}.Release|ARM.Build.0 = Release|Any CPU
		{AB9ED921-B54D-4231-B0A0-31754E3417D3}.Release|ARM64.ActiveCfg = Release|Any CPU
		{AB9ED921-B54D-4231-B0A0-31754E3417D3}.Release|ARM64.Build.0 = Release|Any CPU
		{AB9ED921-B54D-4231-B0A0-31754E3417D3}.Release|x64.ActiveCfg = Release|Any CPU
		{AB9ED921-B54D-4231-B0A0-31754E3417D3}.Release|x64.Build.0 = Release|Any CPU
		{AB9ED921-B54D-4231-B0A0-31754E3417D3}.Release|x86.ActiveCfg = Release|Any CPU
		{AB9ED921-B54D-4231-B0A0-31754E3417D3}.Release|x86.Build.0 = Release|Any CPU
		{DBEB0F54-B961-4821-AD2B-6F755EDD5294}.Debug|Any CPU.ActiveCfg = Debug|Any CPU
		{DBEB0F54-B961-4821-AD2B-6F755EDD5294}.Debug|Any CPU.Build.0 = Debug|Any CPU
		{DBEB0F54-B961-4821-AD2B-6F755EDD5294}.Debug|ARM.ActiveCfg = Debug|Any CPU
		{DBEB0F54-B961-4821-AD2B-6F755EDD5294}.Debug|ARM.Build.0 = Debug|Any CPU
		{DBEB0F54-B961-4821-AD2B-6F755EDD5294}.Debug|ARM64.ActiveCfg = Debug|Any CPU
		{DBEB0F54-B961-4821-AD2B-6F755EDD5294}.Debug|ARM64.Build.0 = Debug|Any CPU
		{DBEB0F54-B961-4821-AD2B-6F755EDD5294}.Debug|x64.ActiveCfg = Debug|Any CPU
		{DBEB0F54-B961-4821-AD2B-6F755EDD5294}.Debug|x64.Build.0 = Debug|Any CPU
		{DBEB0F54-B961-4821-AD2B-6F755EDD5294}.Debug|x86.ActiveCfg = Debug|Any CPU
		{DBEB0F54-B961-4821-AD2B-6F755EDD5294}.Debug|x86.Build.0 = Debug|Any CPU
		{DBEB0F54-B961-4821-AD2B-6F755EDD5294}.Release|Any CPU.ActiveCfg = Release|Any CPU
		{DBEB0F54-B961-4821-AD2B-6F755EDD5294}.Release|Any CPU.Build.0 = Release|Any CPU
		{DBEB0F54-B961-4821-AD2B-6F755EDD5294}.Release|ARM.ActiveCfg = Release|Any CPU
		{DBEB0F54-B961-4821-AD2B-6F755EDD5294}.Release|ARM.Build.0 = Release|Any CPU
		{DBEB0F54-B961-4821-AD2B-6F755EDD5294}.Release|ARM64.ActiveCfg = Release|Any CPU
		{DBEB0F54-B961-4821-AD2B-6F755EDD5294}.Release|ARM64.Build.0 = Release|Any CPU
		{DBEB0F54-B961-4821-AD2B-6F755EDD5294}.Release|x64.ActiveCfg = Release|Any CPU
		{DBEB0F54-B961-4821-AD2B-6F755EDD5294}.Release|x64.Build.0 = Release|Any CPU
		{DBEB0F54-B961-4821-AD2B-6F755EDD5294}.Release|x86.ActiveCfg = Release|Any CPU
		{DBEB0F54-B961-4821-AD2B-6F755EDD5294}.Release|x86.Build.0 = Release|Any CPU
	EndGlobalSection
	GlobalSection(SolutionProperties) = preSolution
		HideSolutionNode = FALSE
	EndGlobalSection
	GlobalSection(ExtensibilityGlobals) = postSolution
		SolutionGuid = {C1F5FB61-8CB5-403E-A07A-CCAFC55107CE}
	EndGlobalSection
EndGlobal
